
Microsoft Visual Studio Solution File, Format Version 12.00
# Visual Studio Version 16
VisualStudioVersion = 16.0.29009.5
MinimumVisualStudioVersion = 10.0.40219.1
Project("{9A19103F-16F7-4668-BE54-9A1E7A4F7556}") = "JobFinder", "JobFinder\JobFinder.csproj", "{C95C94B8-7F70-401D-B388-291F0E0A71DA}"
EndProject
Project("{9A19103F-16F7-4668-BE54-9A1E7A4F7556}") = "JobFinder.Models", "JobFinder.Models\JobFinder.Models.csproj", "{D7EA62EC-2F8A-46FE-8532-A40A862B97B4}"
EndProject
Project("{9A19103F-16F7-4668-BE54-9A1E7A4F7556}") = "JobFinder.Data", "JobFinder.Data\JobFinder.Data.csproj", "{FAA32730-C4AB-44D7-805B-32FF687AC89E}"
EndProject
Project("{9A19103F-16F7-4668-BE54-9A1E7A4F7556}") = "JobFinder.Services", "JobFinder.Services\JobFinder.Services.csproj", "{5F5CAD47-8864-4F4D-964C-50AEEFA768F5}"
EndProject
Project("{9A19103F-16F7-4668-BE54-9A1E7A4F7556}") = "JobFinder.ViewModels", "JobFinder.ViewModels\JobFinder.ViewModels.csproj", "{72D0171C-7AD8-4E8C-A687-8C5B5A016492}"
EndProject
Project("{FAE04EC0-301F-11D3-BF4B-00C04F79EFBC}") = "JobFinder.Tests", "JobFinder.Tests\JobFinder.Tests.csproj", "{A9117BF8-65CA-4489-B4C3-21967B03864D}"
EndProject
Global
	GlobalSection(SolutionConfigurationPlatforms) = preSolution
		Debug|Any CPU = Debug|Any CPU
		Release|Any CPU = Release|Any CPU
	EndGlobalSection
	GlobalSection(ProjectConfigurationPlatforms) = postSolution
		{C95C94B8-7F70-401D-B388-291F0E0A71DA}.Debug|Any CPU.ActiveCfg = Debug|Any CPU
		{C95C94B8-7F70-401D-B388-291F0E0A71DA}.Debug|Any CPU.Build.0 = Debug|Any CPU
		{C95C94B8-7F70-401D-B388-291F0E0A71DA}.Release|Any CPU.ActiveCfg = Release|Any CPU
		{C95C94B8-7F70-401D-B388-291F0E0A71DA}.Release|Any CPU.Build.0 = Release|Any CPU
		{D7EA62EC-2F8A-46FE-8532-A40A862B97B4}.Debug|Any CPU.ActiveCfg = Debug|Any CPU
		{D7EA62EC-2F8A-46FE-8532-A40A862B97B4}.Debug|Any CPU.Build.0 = Debug|Any CPU
		{D7EA62EC-2F8A-46FE-8532-A40A862B97B4}.Release|Any CPU.ActiveCfg = Release|Any CPU
		{D7EA62EC-2F8A-46FE-8532-A40A862B97B4}.Release|Any CPU.Build.0 = Release|Any CPU
		{FAA32730-C4AB-44D7-805B-32FF687AC89E}.Debug|Any CPU.ActiveCfg = Debug|Any CPU
		{FAA32730-C4AB-44D7-805B-32FF687AC89E}.Debug|Any CPU.Build.0 = Debug|Any CPU
		{FAA32730-C4AB-44D7-805B-32FF687AC89E}.Release|Any CPU.ActiveCfg = Release|Any CPU
		{FAA32730-C4AB-44D7-805B-32FF687AC89E}.Release|Any CPU.Build.0 = Release|Any CPU
		{5F5CAD47-8864-4F4D-964C-50AEEFA768F5}.Debug|Any CPU.ActiveCfg = Debug|Any CPU
		{5F5CAD47-8864-4F4D-964C-50AEEFA768F5}.Debug|Any CPU.Build.0 = Debug|Any CPU
		{5F5CAD47-8864-4F4D-964C-50AEEFA768F5}.Release|Any CPU.ActiveCfg = Release|Any CPU
		{5F5CAD47-8864-4F4D-964C-50AEEFA768F5}.Release|Any CPU.Build.0 = Release|Any CPU
		{72D0171C-7AD8-4E8C-A687-8C5B5A016492}.Debug|Any CPU.ActiveCfg = Debug|Any CPU
		{72D0171C-7AD8-4E8C-A687-8C5B5A016492}.Debug|Any CPU.Build.0 = Debug|Any CPU
		{72D0171C-7AD8-4E8C-A687-8C5B5A016492}.Release|Any CPU.ActiveCfg = Release|Any CPU
		{72D0171C-7AD8-4E8C-A687-8C5B5A016492}.Release|Any CPU.Build.0 = Release|Any CPU
		{A9117BF8-65CA-4489-B4C3-21967B03864D}.Debug|Any CPU.ActiveCfg = Debug|Any CPU
		{A9117BF8-65CA-4489-B4C3-21967B03864D}.Debug|Any CPU.Build.0 = Debug|Any CPU
		{A9117BF8-65CA-4489-B4C3-21967B03864D}.Release|Any CPU.ActiveCfg = Release|Any CPU
		{A9117BF8-65CA-4489-B4C3-21967B03864D}.Release|Any CPU.Build.0 = Release|Any CPU
	EndGlobalSection
	GlobalSection(SolutionProperties) = preSolution
		HideSolutionNode = FALSE
	EndGlobalSection
	GlobalSection(ExtensibilityGlobals) = postSolution
		SolutionGuid = {61058813-A266-4978-8AC3-72DA35798712}
	EndGlobalSection
EndGlobal
